
Microsoft Visual Studio Solution File, Format Version 12.00
# Visual Studio Version 16
VisualStudioVersion = 16.0.30611.23
MinimumVisualStudioVersion = 10.0.40219.1
Project("{FAE04EC0-301F-11D3-BF4B-00C04F79EFBC}") = "Interfaces", "Interfaces\Interfaces.csproj", "{B0D120AA-CD74-42DF-A8FE-18F46634BED2}"
EndProject
Global
	GlobalSection(SolutionConfigurationPlatforms) = preSolution
		Debug|Any CPU = Debug|Any CPU
		Release|Any CPU = Release|Any CPU
	EndGlobalSection
	GlobalSection(ProjectConfigurationPlatforms) = postSolution
		{B0D120AA-CD74-42DF-A8FE-18F46634BED2}.Debug|Any CPU.ActiveCfg = Debug|Any CPU
		{B0D120AA-CD74-42DF-A8FE-18F46634BED2}.Debug|Any CPU.Build.0 = Debug|Any CPU
		{B0D120AA-CD74-42DF-A8FE-18F46634BED2}.Release|Any CPU.ActiveCfg = Release|Any CPU
		{B0D120AA-CD74-42DF-A8FE-18F46634BED2}.Release|Any CPU.Build.0 = Release|Any CPU
	EndGlobalSection
	GlobalSection(SolutionProperties) = preSolution
		HideSolutionNode = FALSE
	EndGlobalSection
	GlobalSection(ExtensibilityGlobals) = postSolution
		SolutionGuid = {8BDC66D6-2760-45E1-86D2-11CC4E6629B2}
	EndGlobalSection
EndGlobal
